# generated by rye
# use `rye lock` or `rye sync` to update this lockfile
#
# last locked with the following flags:
#   pre: false
#   features: []
#   all-features: false
#   with-sources: false
#   generate-hashes: false
#   universal: false

-e file:.
aiobotocore==2.15.2
    # via s3fs
aiohappyeyeballs==2.4.3
    # via aiohttp
aiohttp==3.10.10
    # via aiobotocore
    # via s3fs
aioitertools==0.12.0
    # via aiobotocore
aiosignal==1.3.1
    # via aiohttp
alembic==1.8.1
    # via mlflow
    # via zenml
annotated-types==0.7.0
    # via pydantic
anyio==4.6.2.post1
    # via httpx
    # via starlette
    # via watchfiles
appdirs==1.4.4
    # via label-studio-sdk
asttokens==2.4.1
    # via stack-data
attrs==24.2.0
    # via aiohttp
    # via jsonschema
    # via referencing
bcrypt==4.0.1
    # via passlib
    # via zenml
bigtree==0.22.1
    # via feast
blinker==1.8.2
    # via flask
boto3==1.35.36
    # via from-jupyter-to-production-ml-platform
botocore==1.35.36
    # via aiobotocore
    # via boto3
    # via s3transfer
cachetools==5.5.0
    # via google-auth
    # via mlflow-skinny
certifi==2024.8.30
    # via httpcore
    # via httpx
    # via requests
cffi==1.17.1
    # via cryptography
    # via pynacl
cfgv==3.4.0
    # via pre-commit
charset-normalizer==3.4.0
    # via requests
click==8.1.3
    # via dask
    # via feast
    # via flask
    # via mlflow-skinny
    # via nltk
    # via uvicorn
    # via zenml
cloudpickle==2.2.1
    # via dask
    # via mlflow-skinny
    # via zenml
colorama==0.4.6
    # via feast
comm==0.2.2
    # via ipywidgets
contourpy==1.3.0
    # via matplotlib
cramjam==2.9.0
    # via fastparquet
cryptography==43.0.3
    # via pyjwt
cycler==0.12.1
    # via matplotlib
dask==2024.8.0
    # via dask-expr
    # via feast
dask-expr==1.1.10
    # via dask
databricks-sdk==0.36.0
    # via mlflow-skinny
decorator==5.1.1
    # via ipython
deprecated==1.2.14
    # via opentelemetry-api
    # via opentelemetry-semantic-conventions
    # via pygithub
dill==0.3.9
    # via feast
distlib==0.3.9
    # via virtualenv
distro==1.9.0
    # via zenml
docker==7.1.0
    # via mlflow
    # via zenml
executing==2.1.0
    # via stack-data
fastapi==0.115.4
    # via feast
fastparquet==2024.5.0
    # via from-jupyter-to-production-ml-platform
feast==0.41.3
    # via from-jupyter-to-production-ml-platform
filelock==3.16.1
    # via virtualenv
flask==3.0.3
    # via mlflow
fonttools==4.54.1
    # via matplotlib
frozenlist==1.5.0
    # via aiohttp
    # via aiosignal
fsspec==2024.10.0
    # via dask
    # via fastparquet
    # via s3fs
gitdb==4.0.11
    # via gitpython
gitpython==3.1.43
    # via mlflow-skinny
    # via zenml
google-auth==2.36.0
    # via databricks-sdk
graphene==3.4.1
    # via mlflow
graphql-core==3.2.5
    # via graphene
    # via graphql-relay
graphql-relay==3.2.0
    # via graphene
greenlet==3.1.1
    # via sqlalchemy
gunicorn==23.0.0
    # via feast
    # via mlflow
    # via uvicorn-worker
h11==0.14.0
    # via httpcore
    # via uvicorn
httpcore==1.0.6
    # via httpx
httptools==0.6.4
    # via uvicorn
httpx==0.27.2
    # via label-studio-sdk
identify==2.6.1
    # via pre-commit
idna==3.10
    # via anyio
    # via httpx
    # via requests
    # via yarl
ijson==3.3.0
    # via label-studio-sdk
importlib-metadata==8.5.0
    # via mlflow-skinny
    # via opentelemetry-api
ipython==8.29.0
    # via ipywidgets
ipywidgets==8.1.5
    # via rich
itsdangerous==2.2.0
    # via flask
jedi==0.19.1
    # via ipython
jinja2==3.1.4
    # via feast
    # via flask
    # via mlflow
jmespath==1.0.1
    # via boto3
    # via botocore
joblib==1.4.2
    # via nltk
    # via scikit-learn
jsonschema==4.23.0
    # via feast
    # via label-studio-sdk
jsonschema-specifications==2024.10.1
    # via jsonschema
jupyterlab-widgets==3.0.13
    # via ipywidgets
kiwisolver==1.4.7
    # via matplotlib
label-studio-sdk==1.0.7
    # via from-jupyter-to-production-ml-platform
locket==1.0.0
    # via partd
lxml==5.3.0
    # via label-studio-sdk
mako==1.3.6
    # via alembic
markdown==3.7
    # via mlflow
markdown-it-py==3.0.0
    # via rich
markupsafe==3.0.2
    # via jinja2
    # via mako
    # via werkzeug
matplotlib==3.9.2
    # via mlflow
matplotlib-inline==0.1.7
    # via ipython
mdurl==0.1.2
    # via markdown-it-py
mlflow==2.17.2
    # via from-jupyter-to-production-ml-platform
mlflow-skinny==2.17.2
    # via mlflow
mmh3==5.0.1
    # via feast
multidict==6.1.0
    # via aiohttp
    # via yarl
mypy==1.13.0
    # via sqlalchemy
mypy-extensions==1.0.0
    # via mypy
nltk==3.9.1
    # via label-studio-sdk
nodeenv==1.9.1
    # via pre-commit
numpy==1.26.4
    # via contourpy
    # via dask
    # via fastparquet
    # via feast
    # via label-studio-sdk
    # via matplotlib
    # via mlflow
    # via pandas
    # via pyarrow
    # via scikit-learn
    # via scipy
    # via xgboost
opentelemetry-api==1.28.0
    # via mlflow-skinny
    # via opentelemetry-sdk
    # via opentelemetry-semantic-conventions
opentelemetry-sdk==1.28.0
    # via mlflow-skinny
opentelemetry-semantic-conventions==0.49b0
    # via opentelemetry-sdk
packaging==24.2
    # via dask
    # via fastparquet
    # via gunicorn
    # via matplotlib
    # via mlflow-skinny
    # via zenml
pandas==2.2.3
    # via dask
    # via dask-expr
    # via fastparquet
    # via feast
    # via from-jupyter-to-production-ml-platform
    # via label-studio-sdk
    # via mlflow
parso==0.8.4
    # via jedi
partd==1.4.2
    # via dask
passlib==1.7.4
    # via zenml
pexpect==4.9.0
    # via ipython
pillow==11.0.0
    # via label-studio-sdk
    # via matplotlib
pip==24.3.1
    # via from-jupyter-to-production-ml-platform
platformdirs==4.3.6
    # via virtualenv
pre-commit==4.0.1
prometheus-client==0.21.0
    # via feast
prompt-toolkit==3.0.48
    # via ipython
propcache==0.2.0
    # via yarl
protobuf==4.25.5
    # via feast
    # via mlflow-skinny
psutil==6.1.0
    # via feast
    # via zenml
psycopg==3.2.3
    # via feast
    # via from-jupyter-to-production-ml-platform
psycopg-binary==3.2.3
    # via psycopg
psycopg-pool==3.2.3
    # via psycopg
ptyprocess==0.7.0
    # via pexpect
pure-eval==0.2.3
    # via stack-data
pyarrow==17.0.0
    # via dask-expr
    # via feast
    # via mlflow
pyasn1==0.6.1
    # via pyasn1-modules
    # via rsa
pyasn1-modules==0.4.1
    # via google-auth
pycparser==2.22
    # via cffi
pydantic==2.8.2
    # via fastapi
    # via feast
    # via label-studio-sdk
    # via pydantic-settings
    # via sqlmodel
    # via zenml
pydantic-core==2.20.1
    # via pydantic
pydantic-settings==2.6.1
    # via zenml
pygit==0.1
    # via from-jupyter-to-production-ml-platform
pygithub==2.5.0
    # via from-jupyter-to-production-ml-platform
pygments==2.18.0
    # via feast
    # via ipython
    # via rich
pyjwt==2.9.0
    # via feast
    # via pygithub
pymysql==1.1.1
    # via from-jupyter-to-production-ml-platform
    # via zenml
pynacl==1.5.0
    # via pygithub
pyparsing==3.2.0
    # via matplotlib
python-dateutil==2.9.0.post0
    # via botocore
    # via graphene
    # via matplotlib
    # via pandas
    # via zenml
python-dotenv==1.0.1
    # via from-jupyter-to-production-ml-platform
    # via pydantic-settings
    # via uvicorn
pytz==2024.2
    # via pandas
pyyaml==6.0.2
    # via dask
    # via feast
    # via mlflow-skinny
    # via pre-commit
    # via uvicorn
    # via zenml
referencing==0.35.1
    # via jsonschema
    # via jsonschema-specifications
regex==2024.11.6
    # via nltk
requests==2.32.3
    # via databricks-sdk
    # via docker
    # via feast
    # via label-studio-sdk
    # via mlflow-skinny
    # via pygithub
    # via requests-mock
requests-mock==1.12.1
    # via label-studio-sdk
rich==13.9.4
    # via zenml
rpds-py==0.21.0
    # via jsonschema
    # via referencing
rsa==4.9
    # via google-auth
ruff==0.7.3
s3fs==2024.10.0
    # via from-jupyter-to-production-ml-platform
s3transfer==0.10.3
    # via boto3
scikit-learn==1.5.2
    # via from-jupyter-to-production-ml-platform
    # via mlflow
scipy==1.14.1
    # via mlflow
    # via scikit-learn
    # via xgboost
setuptools==75.3.0
    # via zenml
six==1.16.0
    # via asttokens
    # via python-dateutil
smmap==5.0.1
    # via gitdb
sniffio==1.3.1
    # via anyio
    # via httpx
sqlalchemy==2.0.36
    # via alembic
    # via feast
    # via from-jupyter-to-production-ml-platform
    # via mlflow
    # via sqlalchemy-utils
    # via sqlmodel
    # via zenml
sqlalchemy-utils==0.41.2
    # via zenml
sqlmodel==0.0.18
    # via zenml
sqlparse==0.5.1
    # via mlflow-skinny
stack-data==0.6.3
    # via ipython
starlette==0.41.2
    # via fastapi
tabulate==0.9.0
    # via feast
tenacity==8.5.0
    # via feast
threadpoolctl==3.5.0
    # via scikit-learn
toml==0.10.2
    # via feast
toolz==1.0.0
    # via dask
    # via partd
tqdm==4.67.0
    # via feast
    # via nltk
traitlets==5.14.3
    # via comm
    # via ipython
    # via ipywidgets
    # via matplotlib-inline
typeguard==4.4.1
    # via feast
typing-extensions==4.12.2
    # via fastapi
    # via graphene
    # via label-studio-sdk
    # via mypy
    # via opentelemetry-sdk
    # via psycopg
    # via psycopg-pool
    # via pydantic
    # via pydantic-core
    # via pygithub
    # via sqlalchemy
    # via typeguard
tzdata==2024.2
    # via pandas
ujson==5.10.0
    # via label-studio-sdk
urllib3==2.2.3
    # via botocore
    # via docker
    # via pygithub
    # via requests
uvicorn==0.32.0
    # via feast
    # via uvicorn-worker
uvicorn-worker==0.2.0
    # via feast
uvloop==0.21.0
    # via uvicorn
virtualenv==20.27.1
    # via pre-commit
watchfiles==0.24.0
    # via uvicorn
wcwidth==0.2.13
    # via prompt-toolkit
websockets==13.1
    # via uvicorn
werkzeug==3.1.3
    # via flask
widgetsnbextension==4.0.13
    # via ipywidgets
wrapt==1.16.0
    # via aiobotocore
    # via deprecated
xgboost==2.1.2
    # via from-jupyter-to-production-ml-platform
xmljson==0.2.1
    # via label-studio-sdk
yarl==1.17.1
    # via aiohttp
zenml==0.68.1
    # via from-jupyter-to-production-ml-platform
zipp==3.20.2
    # via importlib-metadata
